{
    "name": "OneSBuild",
    "version": "1.0.0",
    "dependencies": {
      "platform": {
        "version": "8.3.21"
      },
      "VanessaAutomation": {
        "version": "1.2.032",
        "resolved": "https://github.com/Pr-Mex/vanessa-automation/releases/download/1.2.032/vanessa-automation-single.1.2.032.zip"
      }
    }
}