{
    "name": "OneSBuild",
    "version": "1.0.0",
    "dependencies": {
      "yaxunit": {
        "version": "23.0.8",
        "resolved": "https://github.com/bia-technologies/yaxunit/releases/download/23.08/YAXUNIT-23.08.cfe"
      },
      "platform": {
        "version": "8.3.21"
      } 
    }
}